// !$*UTF8*$!
{
	archiveVersion = 1;
	classes = {
	};
	objectVersion = 50;
	objects = {

/* Begin PBXBuildFile section */
		BE2B425523E7D4A500274234 /* Day27.m in Sources */ = {isa = PBXBuildFile; fileRef = BE2B425423E7D4A500274234 /* Day27.m */; };
		BE2B425823E834AD00274234 /* Day28.m in Sources */ = {isa = PBXBuildFile; fileRef = BE2B425723E834AD00274234 /* Day28.m */; };
		BE2B425B23E9133600274234 /* Day29.m in Sources */ = {isa = PBXBuildFile; fileRef = BE2B425A23E9133600274234 /* Day29.m */; };
		BE2B425F23E91D6500274234 /* BubbleSort.m in Sources */ = {isa = PBXBuildFile; fileRef = BE2B425E23E91D6500274234 /* BubbleSort.m */; };
		BE2B426223E91E4E00274234 /* SelectionSort.m in Sources */ = {isa = PBXBuildFile; fileRef = BE2B426123E91E4E00274234 /* SelectionSort.m */; };
		BE2B426D23F0124B00274234 /* Day31.m in Sources */ = {isa = PBXBuildFile; fileRef = BE2B426C23F0124B00274234 /* Day31.m */; };
		BE2B427023F2402F00274234 /* Day32.m in Sources */ = {isa = PBXBuildFile; fileRef = BE2B426F23F2402F00274234 /* Day32.m */; };
		BE2B427323F2559300274234 /* InsertionSort.m in Sources */ = {isa = PBXBuildFile; fileRef = BE2B427223F2559300274234 /* InsertionSort.m */; };
		BE2B427623F2915D00274234 /* Day33.m in Sources */ = {isa = PBXBuildFile; fileRef = BE2B427523F2915D00274234 /* Day33.m */; };
		BE2B427923F2B18B00274234 /* MergeSort.m in Sources */ = {isa = PBXBuildFile; fileRef = BE2B427823F2B18B00274234 /* MergeSort.m */; };
		BE2B427C23F39D0300274234 /* Day34.m in Sources */ = {isa = PBXBuildFile; fileRef = BE2B427B23F39D0300274234 /* Day34.m */; };
		BE3997762362C9E80022397E /* Day08.m in Sources */ = {isa = PBXBuildFile; fileRef = BE3997752362C9E80022397E /* Day08.m */; };
		BE3997782362CFF40022397E /* README.md in Resources */ = {isa = PBXBuildFile; fileRef = BE3997772362CFF40022397E /* README.md */; };
		BE48D11E23ACCC34009C1F5D /* Day11.m in Sources */ = {isa = PBXBuildFile; fileRef = BE48D11D23ACCC34009C1F5D /* Day11.m */; };
		BE4947A7234F7A510032FA6B /* Day06.m in Sources */ = {isa = PBXBuildFile; fileRef = BE4947A6234F7A510032FA6B /* Day06.m */; };
		BE525F1E238E53C5009BD896 /* Day10.m in Sources */ = {isa = PBXBuildFile; fileRef = BE525F1D238E53C5009BD896 /* Day10.m */; };
		BE8705C02337CB2000F03605 /* AppDelegate.m in Sources */ = {isa = PBXBuildFile; fileRef = BE8705BF2337CB2000F03605 /* AppDelegate.m */; };
		BE8705C32337CB2000F03605 /* SceneDelegate.m in Sources */ = {isa = PBXBuildFile; fileRef = BE8705C22337CB2000F03605 /* SceneDelegate.m */; };
		BE8705C62337CB2000F03605 /* ViewController.m in Sources */ = {isa = PBXBuildFile; fileRef = BE8705C52337CB2000F03605 /* ViewController.m */; };
		BE8705C92337CB2000F03605 /* Main.storyboard in Resources */ = {isa = PBXBuildFile; fileRef = BE8705C72337CB2000F03605 /* Main.storyboard */; };
		BE8705CE2337CB2100F03605 /* Assets.xcassets in Resources */ = {isa = PBXBuildFile; fileRef = BE8705CD2337CB2100F03605 /* Assets.xcassets */; };
		BE8705D12337CB2100F03605 /* LaunchScreen.storyboard in Resources */ = {isa = PBXBuildFile; fileRef = BE8705CF2337CB2100F03605 /* LaunchScreen.storyboard */; };
		BE8705D42337CB2100F03605 /* main.m in Sources */ = {isa = PBXBuildFile; fileRef = BE8705D32337CB2100F03605 /* main.m */; };
		BE8705E92337CB2100F03605 /* LeetCodeUITests.m in Sources */ = {isa = PBXBuildFile; fileRef = BE8705E82337CB2100F03605 /* LeetCodeUITests.m */; };
		BE8D8F752352F2A000C75BCE /* Day07.m in Sources */ = {isa = PBXBuildFile; fileRef = BE8D8F742352F2A000C75BCE /* Day07.m */; };
		BEA0426123CF23A40009167F /* Day12.m in Sources */ = {isa = PBXBuildFile; fileRef = BEA0426023CF23A40009167F /* Day12.m */; };
		BEA0426423D0152A0009167F /* Day13.m in Sources */ = {isa = PBXBuildFile; fileRef = BEA0426323D0152A0009167F /* Day13.m */; };
		BEA0426723D041F10009167F /* Day14.m in Sources */ = {isa = PBXBuildFile; fileRef = BEA0426623D041F10009167F /* Day14.m */; };
		BEA0427723D1BBFE0009167F /* Day15.m in Sources */ = {isa = PBXBuildFile; fileRef = BEA0427623D1BBFE0009167F /* Day15.m */; };
		BEA0428223D587580009167F /* Day16.m in Sources */ = {isa = PBXBuildFile; fileRef = BEA0428123D587580009167F /* Day16.m */; };
		BEA0428523D5A3960009167F /* Day17.m in Sources */ = {isa = PBXBuildFile; fileRef = BEA0428423D5A3960009167F /* Day17.m */; };
		BEA0428823D5B00C0009167F /* Day18.m in Sources */ = {isa = PBXBuildFile; fileRef = BEA0428723D5B00C0009167F /* Day18.m */; };
		BEA40C4023D6DED700D83BF7 /* Day19.m in Sources */ = {isa = PBXBuildFile; fileRef = BEA40C3F23D6DED700D83BF7 /* Day19.m */; };
		BEA40C4323D6F4A700D83BF7 /* Day20.m in Sources */ = {isa = PBXBuildFile; fileRef = BEA40C4223D6F4A700D83BF7 /* Day20.m */; };
		BEA40C4623D7144300D83BF7 /* Day21.m in Sources */ = {isa = PBXBuildFile; fileRef = BEA40C4523D7144300D83BF7 /* Day21.m */; };
		BEA40C4923D803D700D83BF7 /* Day22.m in Sources */ = {isa = PBXBuildFile; fileRef = BEA40C4823D803D700D83BF7 /* Day22.m */; };
		BEA5841A23E5387800AA8073 /* Day24.m in Sources */ = {isa = PBXBuildFile; fileRef = BEA5841923E5387800AA8073 /* Day24.m */; };
		BEA5841D23E56D7100AA8073 /* Day25.m in Sources */ = {isa = PBXBuildFile; fileRef = BEA5841C23E56D7100AA8073 /* Day25.m */; };
		BEB92206233BABE200321E5E /* Day05.m in Sources */ = {isa = PBXBuildFile; fileRef = BEB92205233BABE200321E5E /* Day05.m */; };
		BEBDBAF12368435F004E36FF /* Day09.m in Sources */ = {isa = PBXBuildFile; fileRef = BEBDBAF02368435F004E36FF /* Day09.m */; };
		BEE1AF8C233A0BA5009BED02 /* Queue.m in Sources */ = {isa = PBXBuildFile; fileRef = BEE1AF84233A0BA4009BED02 /* Queue.m */; };
		BEE1AF8D233A0BA5009BED02 /* ListNode.m in Sources */ = {isa = PBXBuildFile; fileRef = BEE1AF85233A0BA5009BED02 /* ListNode.m */; };
		BEE1AF8E233A0BA5009BED02 /* QuickSort.m in Sources */ = {isa = PBXBuildFile; fileRef = BEE1AF88233A0BA5009BED02 /* QuickSort.m */; };
		BEE1AF8F233A0BA5009BED02 /* Stack.m in Sources */ = {isa = PBXBuildFile; fileRef = BEE1AF89233A0BA5009BED02 /* Stack.m */; };
		BEE1AF96233A0BAE009BED02 /* Day02.m in Sources */ = {isa = PBXBuildFile; fileRef = BEE1AF91233A0BAD009BED02 /* Day02.m */; };
		BEE1AF97233A0BAE009BED02 /* Day03.m in Sources */ = {isa = PBXBuildFile; fileRef = BEE1AF92233A0BAD009BED02 /* Day03.m */; };
		BEE1AF98233A0BAE009BED02 /* Day01.m in Sources */ = {isa = PBXBuildFile; fileRef = BEE1AF93233A0BAD009BED02 /* Day01.m */; };
		BEE1AF9B233A0C76009BED02 /* Day04.m in Sources */ = {isa = PBXBuildFile; fileRef = BEE1AF9A233A0C76009BED02 /* Day04.m */; };
		BEE1AF9E233A0D19009BED02 /* TreeNode.m in Sources */ = {isa = PBXBuildFile; fileRef = BEE1AF9D233A0D19009BED02 /* TreeNode.m */; };
		BEF5283E23DEAFBB00D1F114 /* Day23.m in Sources */ = {isa = PBXBuildFile; fileRef = BEF5283D23DEAFBB00D1F114 /* Day23.m */; };
/* End PBXBuildFile section */

/* Begin PBXContainerItemProxy section */
		BE8705DA2337CB2100F03605 /* PBXContainerItemProxy */ = {
			isa = PBXContainerItemProxy;
			containerPortal = BE8705B32337CB2000F03605 /* Project object */;
			proxyType = 1;
			remoteGlobalIDString = BE8705BA2337CB2000F03605;
			remoteInfo = LeetCode;
		};
		BE8705E52337CB2100F03605 /* PBXContainerItemProxy */ = {
			isa = PBXContainerItemProxy;
			containerPortal = BE8705B32337CB2000F03605 /* Project object */;
			proxyType = 1;
			remoteGlobalIDString = BE8705BA2337CB2000F03605;
			remoteInfo = LeetCode;
		};
/* End PBXContainerItemProxy section */

/* Begin PBXFileReference section */
		BE2B425323E7D4A500274234 /* Day27.h */ = {isa = PBXFileReference; lastKnownFileType = sourcecode.c.h; path = Day27.h; sourceTree = "<group>"; };
		BE2B425423E7D4A500274234 /* Day27.m */ = {isa = PBXFileReference; lastKnownFileType = sourcecode.c.objc; path = Day27.m; sourceTree = "<group>"; };
		BE2B425623E834AD00274234 /* Day28.h */ = {isa = PBXFileReference; lastKnownFileType = sourcecode.c.h; path = Day28.h; sourceTree = "<group>"; };
		BE2B425723E834AD00274234 /* Day28.m */ = {isa = PBXFileReference; lastKnownFileType = sourcecode.c.objc; path = Day28.m; sourceTree = "<group>"; };
		BE2B425923E9133600274234 /* Day29.h */ = {isa = PBXFileReference; lastKnownFileType = sourcecode.c.h; path = Day29.h; sourceTree = "<group>"; };
		BE2B425A23E9133600274234 /* Day29.m */ = {isa = PBXFileReference; lastKnownFileType = sourcecode.c.objc; path = Day29.m; sourceTree = "<group>"; };
		BE2B425D23E91D6500274234 /* BubbleSort.h */ = {isa = PBXFileReference; lastKnownFileType = sourcecode.c.h; path = BubbleSort.h; sourceTree = "<group>"; };
		BE2B425E23E91D6500274234 /* BubbleSort.m */ = {isa = PBXFileReference; lastKnownFileType = sourcecode.c.objc; path = BubbleSort.m; sourceTree = "<group>"; };
		BE2B426023E91E4E00274234 /* SelectionSort.h */ = {isa = PBXFileReference; lastKnownFileType = sourcecode.c.h; path = SelectionSort.h; sourceTree = "<group>"; };
		BE2B426123E91E4E00274234 /* SelectionSort.m */ = {isa = PBXFileReference; lastKnownFileType = sourcecode.c.objc; path = SelectionSort.m; sourceTree = "<group>"; };
		BE2B426B23F0124B00274234 /* Day31.h */ = {isa = PBXFileReference; lastKnownFileType = sourcecode.c.h; path = Day31.h; sourceTree = "<group>"; };
		BE2B426C23F0124B00274234 /* Day31.m */ = {isa = PBXFileReference; lastKnownFileType = sourcecode.c.objc; path = Day31.m; sourceTree = "<group>"; };
		BE2B426E23F2402F00274234 /* Day32.h */ = {isa = PBXFileReference; lastKnownFileType = sourcecode.c.h; path = Day32.h; sourceTree = "<group>"; };
		BE2B426F23F2402F00274234 /* Day32.m */ = {isa = PBXFileReference; lastKnownFileType = sourcecode.c.objc; path = Day32.m; sourceTree = "<group>"; };
		BE2B427123F2559300274234 /* InsertionSort.h */ = {isa = PBXFileReference; lastKnownFileType = sourcecode.c.h; path = InsertionSort.h; sourceTree = "<group>"; };
		BE2B427223F2559300274234 /* InsertionSort.m */ = {isa = PBXFileReference; lastKnownFileType = sourcecode.c.objc; path = InsertionSort.m; sourceTree = "<group>"; };
		BE2B427423F2915D00274234 /* Day33.h */ = {isa = PBXFileReference; lastKnownFileType = sourcecode.c.h; path = Day33.h; sourceTree = "<group>"; };
		BE2B427523F2915D00274234 /* Day33.m */ = {isa = PBXFileReference; lastKnownFileType = sourcecode.c.objc; path = Day33.m; sourceTree = "<group>"; };
		BE2B427723F2B18B00274234 /* MergeSort.h */ = {isa = PBXFileReference; lastKnownFileType = sourcecode.c.h; path = MergeSort.h; sourceTree = "<group>"; };
		BE2B427823F2B18B00274234 /* MergeSort.m */ = {isa = PBXFileReference; lastKnownFileType = sourcecode.c.objc; path = MergeSort.m; sourceTree = "<group>"; };
		BE2B427A23F39D0300274234 /* Day34.h */ = {isa = PBXFileReference; lastKnownFileType = sourcecode.c.h; path = Day34.h; sourceTree = "<group>"; };
		BE2B427B23F39D0300274234 /* Day34.m */ = {isa = PBXFileReference; lastKnownFileType = sourcecode.c.objc; path = Day34.m; sourceTree = "<group>"; };
		BE3997742362C9E80022397E /* Day08.h */ = {isa = PBXFileReference; lastKnownFileType = sourcecode.c.h; path = Day08.h; sourceTree = "<group>"; };
		BE3997752362C9E80022397E /* Day08.m */ = {isa = PBXFileReference; lastKnownFileType = sourcecode.c.objc; path = Day08.m; sourceTree = "<group>"; };
		BE3997772362CFF40022397E /* README.md */ = {isa = PBXFileReference; fileEncoding = 4; lastKnownFileType = net.daringfireball.markdown; path = README.md; sourceTree = "<group>"; };
		BE48D11C23ACCC34009C1F5D /* Day11.h */ = {isa = PBXFileReference; lastKnownFileType = sourcecode.c.h; path = Day11.h; sourceTree = "<group>"; };
		BE48D11D23ACCC34009C1F5D /* Day11.m */ = {isa = PBXFileReference; lastKnownFileType = sourcecode.c.objc; path = Day11.m; sourceTree = "<group>"; };
		BE4947A5234F7A510032FA6B /* Day06.h */ = {isa = PBXFileReference; lastKnownFileType = sourcecode.c.h; path = Day06.h; sourceTree = "<group>"; };
		BE4947A6234F7A510032FA6B /* Day06.m */ = {isa = PBXFileReference; lastKnownFileType = sourcecode.c.objc; path = Day06.m; sourceTree = "<group>"; };
		BE525F1C238E53C5009BD896 /* Day10.h */ = {isa = PBXFileReference; lastKnownFileType = sourcecode.c.h; path = Day10.h; sourceTree = "<group>"; };
		BE525F1D238E53C5009BD896 /* Day10.m */ = {isa = PBXFileReference; lastKnownFileType = sourcecode.c.objc; path = Day10.m; sourceTree = "<group>"; };
		BE8705BB2337CB2000F03605 /* LeetCode.app */ = {isa = PBXFileReference; explicitFileType = wrapper.application; includeInIndex = 0; path = LeetCode.app; sourceTree = BUILT_PRODUCTS_DIR; };
		BE8705BE2337CB2000F03605 /* AppDelegate.h */ = {isa = PBXFileReference; lastKnownFileType = sourcecode.c.h; path = AppDelegate.h; sourceTree = "<group>"; };
		BE8705BF2337CB2000F03605 /* AppDelegate.m */ = {isa = PBXFileReference; lastKnownFileType = sourcecode.c.objc; path = AppDelegate.m; sourceTree = "<group>"; };
		BE8705C12337CB2000F03605 /* SceneDelegate.h */ = {isa = PBXFileReference; lastKnownFileType = sourcecode.c.h; path = SceneDelegate.h; sourceTree = "<group>"; };
		BE8705C22337CB2000F03605 /* SceneDelegate.m */ = {isa = PBXFileReference; lastKnownFileType = sourcecode.c.objc; path = SceneDelegate.m; sourceTree = "<group>"; };
		BE8705C42337CB2000F03605 /* ViewController.h */ = {isa = PBXFileReference; lastKnownFileType = sourcecode.c.h; path = ViewController.h; sourceTree = "<group>"; };
		BE8705C52337CB2000F03605 /* ViewController.m */ = {isa = PBXFileReference; lastKnownFileType = sourcecode.c.objc; path = ViewController.m; sourceTree = "<group>"; };
		BE8705C82337CB2000F03605 /* Base */ = {isa = PBXFileReference; lastKnownFileType = file.storyboard; name = Base; path = Base.lproj/Main.storyboard; sourceTree = "<group>"; };
		BE8705CD2337CB2100F03605 /* Assets.xcassets */ = {isa = PBXFileReference; lastKnownFileType = folder.assetcatalog; path = Assets.xcassets; sourceTree = "<group>"; };
		BE8705D02337CB2100F03605 /* Base */ = {isa = PBXFileReference; lastKnownFileType = file.storyboard; name = Base; path = Base.lproj/LaunchScreen.storyboard; sourceTree = "<group>"; };
		BE8705D22337CB2100F03605 /* Info.plist */ = {isa = PBXFileReference; lastKnownFileType = text.plist.xml; path = Info.plist; sourceTree = "<group>"; };
		BE8705D32337CB2100F03605 /* main.m */ = {isa = PBXFileReference; lastKnownFileType = sourcecode.c.objc; path = main.m; sourceTree = "<group>"; };
		BE8705D92337CB2100F03605 /* LeetCodeTests.xctest */ = {isa = PBXFileReference; explicitFileType = wrapper.cfbundle; includeInIndex = 0; path = LeetCodeTests.xctest; sourceTree = BUILT_PRODUCTS_DIR; };
		BE8705E42337CB2100F03605 /* LeetCodeUITests.xctest */ = {isa = PBXFileReference; explicitFileType = wrapper.cfbundle; includeInIndex = 0; path = LeetCodeUITests.xctest; sourceTree = BUILT_PRODUCTS_DIR; };
		BE8705E82337CB2100F03605 /* LeetCodeUITests.m */ = {isa = PBXFileReference; lastKnownFileType = sourcecode.c.objc; path = LeetCodeUITests.m; sourceTree = "<group>"; };
		BE8705EA2337CB2100F03605 /* Info.plist */ = {isa = PBXFileReference; lastKnownFileType = text.plist.xml; path = Info.plist; sourceTree = "<group>"; };
		BE8D8F732352F2A000C75BCE /* Day07.h */ = {isa = PBXFileReference; lastKnownFileType = sourcecode.c.h; path = Day07.h; sourceTree = "<group>"; };
		BE8D8F742352F2A000C75BCE /* Day07.m */ = {isa = PBXFileReference; lastKnownFileType = sourcecode.c.objc; path = Day07.m; sourceTree = "<group>"; };
		BEA0425F23CF23A40009167F /* Day12.h */ = {isa = PBXFileReference; lastKnownFileType = sourcecode.c.h; path = Day12.h; sourceTree = "<group>"; };
		BEA0426023CF23A40009167F /* Day12.m */ = {isa = PBXFileReference; lastKnownFileType = sourcecode.c.objc; path = Day12.m; sourceTree = "<group>"; };
		BEA0426223D0152A0009167F /* Day13.h */ = {isa = PBXFileReference; lastKnownFileType = sourcecode.c.h; path = Day13.h; sourceTree = "<group>"; };
		BEA0426323D0152A0009167F /* Day13.m */ = {isa = PBXFileReference; lastKnownFileType = sourcecode.c.objc; path = Day13.m; sourceTree = "<group>"; };
		BEA0426523D041F10009167F /* Day14.h */ = {isa = PBXFileReference; lastKnownFileType = sourcecode.c.h; path = Day14.h; sourceTree = "<group>"; };
		BEA0426623D041F10009167F /* Day14.m */ = {isa = PBXFileReference; lastKnownFileType = sourcecode.c.objc; path = Day14.m; sourceTree = "<group>"; };
		BEA0427523D1BBFE0009167F /* Day15.h */ = {isa = PBXFileReference; lastKnownFileType = sourcecode.c.h; path = Day15.h; sourceTree = "<group>"; };
		BEA0427623D1BBFE0009167F /* Day15.m */ = {isa = PBXFileReference; lastKnownFileType = sourcecode.c.objc; path = Day15.m; sourceTree = "<group>"; };
		BEA0428023D587580009167F /* Day16.h */ = {isa = PBXFileReference; lastKnownFileType = sourcecode.c.h; path = Day16.h; sourceTree = "<group>"; };
		BEA0428123D587580009167F /* Day16.m */ = {isa = PBXFileReference; lastKnownFileType = sourcecode.c.objc; path = Day16.m; sourceTree = "<group>"; };
		BEA0428323D5A3960009167F /* Day17.h */ = {isa = PBXFileReference; lastKnownFileType = sourcecode.c.h; path = Day17.h; sourceTree = "<group>"; };
		BEA0428423D5A3960009167F /* Day17.m */ = {isa = PBXFileReference; lastKnownFileType = sourcecode.c.objc; path = Day17.m; sourceTree = "<group>"; };
		BEA0428623D5B00C0009167F /* Day18.h */ = {isa = PBXFileReference; lastKnownFileType = sourcecode.c.h; path = Day18.h; sourceTree = "<group>"; };
		BEA0428723D5B00C0009167F /* Day18.m */ = {isa = PBXFileReference; lastKnownFileType = sourcecode.c.objc; path = Day18.m; sourceTree = "<group>"; };
		BEA40C3E23D6DED700D83BF7 /* Day19.h */ = {isa = PBXFileReference; lastKnownFileType = sourcecode.c.h; path = Day19.h; sourceTree = "<group>"; };
		BEA40C3F23D6DED700D83BF7 /* Day19.m */ = {isa = PBXFileReference; lastKnownFileType = sourcecode.c.objc; path = Day19.m; sourceTree = "<group>"; };
		BEA40C4123D6F4A700D83BF7 /* Day20.h */ = {isa = PBXFileReference; lastKnownFileType = sourcecode.c.h; path = Day20.h; sourceTree = "<group>"; };
		BEA40C4223D6F4A700D83BF7 /* Day20.m */ = {isa = PBXFileReference; lastKnownFileType = sourcecode.c.objc; path = Day20.m; sourceTree = "<group>"; };
		BEA40C4423D7144300D83BF7 /* Day21.h */ = {isa = PBXFileReference; lastKnownFileType = sourcecode.c.h; path = Day21.h; sourceTree = "<group>"; };
		BEA40C4523D7144300D83BF7 /* Day21.m */ = {isa = PBXFileReference; lastKnownFileType = sourcecode.c.objc; path = Day21.m; sourceTree = "<group>"; };
		BEA40C4723D803D700D83BF7 /* Day22.h */ = {isa = PBXFileReference; lastKnownFileType = sourcecode.c.h; path = Day22.h; sourceTree = "<group>"; };
		BEA40C4823D803D700D83BF7 /* Day22.m */ = {isa = PBXFileReference; lastKnownFileType = sourcecode.c.objc; path = Day22.m; sourceTree = "<group>"; };
		BEA5841823E5387800AA8073 /* Day24.h */ = {isa = PBXFileReference; lastKnownFileType = sourcecode.c.h; path = Day24.h; sourceTree = "<group>"; };
		BEA5841923E5387800AA8073 /* Day24.m */ = {isa = PBXFileReference; lastKnownFileType = sourcecode.c.objc; path = Day24.m; sourceTree = "<group>"; };
		BEA5841B23E56D7100AA8073 /* Day25.h */ = {isa = PBXFileReference; lastKnownFileType = sourcecode.c.h; path = Day25.h; sourceTree = "<group>"; };
		BEA5841C23E56D7100AA8073 /* Day25.m */ = {isa = PBXFileReference; lastKnownFileType = sourcecode.c.objc; path = Day25.m; sourceTree = "<group>"; };
		BEB92204233BABE200321E5E /* Day05.h */ = {isa = PBXFileReference; lastKnownFileType = sourcecode.c.h; path = Day05.h; sourceTree = "<group>"; };
		BEB92205233BABE200321E5E /* Day05.m */ = {isa = PBXFileReference; lastKnownFileType = sourcecode.c.objc; path = Day05.m; sourceTree = "<group>"; };
		BEBDBAEF2368435F004E36FF /* Day09.h */ = {isa = PBXFileReference; lastKnownFileType = sourcecode.c.h; path = Day09.h; sourceTree = "<group>"; };
		BEBDBAF02368435F004E36FF /* Day09.m */ = {isa = PBXFileReference; lastKnownFileType = sourcecode.c.objc; path = Day09.m; sourceTree = "<group>"; };
		BEE1AF84233A0BA4009BED02 /* Queue.m */ = {isa = PBXFileReference; fileEncoding = 4; lastKnownFileType = sourcecode.c.objc; path = Queue.m; sourceTree = "<group>"; };
		BEE1AF85233A0BA5009BED02 /* ListNode.m */ = {isa = PBXFileReference; fileEncoding = 4; lastKnownFileType = sourcecode.c.objc; path = ListNode.m; sourceTree = "<group>"; };
		BEE1AF86233A0BA5009BED02 /* ListNode.h */ = {isa = PBXFileReference; fileEncoding = 4; lastKnownFileType = sourcecode.c.h; path = ListNode.h; sourceTree = "<group>"; };
		BEE1AF87233A0BA5009BED02 /* Stack.h */ = {isa = PBXFileReference; fileEncoding = 4; lastKnownFileType = sourcecode.c.h; path = Stack.h; sourceTree = "<group>"; };
		BEE1AF88233A0BA5009BED02 /* QuickSort.m */ = {isa = PBXFileReference; fileEncoding = 4; lastKnownFileType = sourcecode.c.objc; path = QuickSort.m; sourceTree = "<group>"; };
		BEE1AF89233A0BA5009BED02 /* Stack.m */ = {isa = PBXFileReference; fileEncoding = 4; lastKnownFileType = sourcecode.c.objc; path = Stack.m; sourceTree = "<group>"; };
		BEE1AF8A233A0BA5009BED02 /* QuickSort.h */ = {isa = PBXFileReference; fileEncoding = 4; lastKnownFileType = sourcecode.c.h; path = QuickSort.h; sourceTree = "<group>"; };
		BEE1AF8B233A0BA5009BED02 /* Queue.h */ = {isa = PBXFileReference; fileEncoding = 4; lastKnownFileType = sourcecode.c.h; path = Queue.h; sourceTree = "<group>"; };
		BEE1AF90233A0BAD009BED02 /* Day02.h */ = {isa = PBXFileReference; fileEncoding = 4; lastKnownFileType = sourcecode.c.h; path = Day02.h; sourceTree = "<group>"; };
		BEE1AF91233A0BAD009BED02 /* Day02.m */ = {isa = PBXFileReference; fileEncoding = 4; lastKnownFileType = sourcecode.c.objc; path = Day02.m; sourceTree = "<group>"; };
		BEE1AF92233A0BAD009BED02 /* Day03.m */ = {isa = PBXFileReference; fileEncoding = 4; lastKnownFileType = sourcecode.c.objc; path = Day03.m; sourceTree = "<group>"; };
		BEE1AF93233A0BAD009BED02 /* Day01.m */ = {isa = PBXFileReference; fileEncoding = 4; lastKnownFileType = sourcecode.c.objc; path = Day01.m; sourceTree = "<group>"; };
		BEE1AF94233A0BAD009BED02 /* Day03.h */ = {isa = PBXFileReference; fileEncoding = 4; lastKnownFileType = sourcecode.c.h; path = Day03.h; sourceTree = "<group>"; };
		BEE1AF95233A0BAD009BED02 /* Day01.h */ = {isa = PBXFileReference; fileEncoding = 4; lastKnownFileType = sourcecode.c.h; path = Day01.h; sourceTree = "<group>"; };
		BEE1AF99233A0C76009BED02 /* Day04.h */ = {isa = PBXFileReference; lastKnownFileType = sourcecode.c.h; path = Day04.h; sourceTree = "<group>"; };
		BEE1AF9A233A0C76009BED02 /* Day04.m */ = {isa = PBXFileReference; lastKnownFileType = sourcecode.c.objc; path = Day04.m; sourceTree = "<group>"; };
		BEE1AF9C233A0D19009BED02 /* TreeNode.h */ = {isa = PBXFileReference; lastKnownFileType = sourcecode.c.h; path = TreeNode.h; sourceTree = "<group>"; };
		BEE1AF9D233A0D19009BED02 /* TreeNode.m */ = {isa = PBXFileReference; lastKnownFileType = sourcecode.c.objc; path = TreeNode.m; sourceTree = "<group>"; };
		BEF5283C23DEAFBB00D1F114 /* Day23.h */ = {isa = PBXFileReference; lastKnownFileType = sourcecode.c.h; path = Day23.h; sourceTree = "<group>"; };
		BEF5283D23DEAFBB00D1F114 /* Day23.m */ = {isa = PBXFileReference; lastKnownFileType = sourcecode.c.objc; path = Day23.m; sourceTree = "<group>"; };
/* End PBXFileReference section */

/* Begin PBXFrameworksBuildPhase section */
		BE8705B82337CB2000F03605 /* Frameworks */ = {
			isa = PBXFrameworksBuildPhase;
			buildActionMask = 2147483647;
			files = (
			);
			runOnlyForDeploymentPostprocessing = 0;
		};
		BE8705D62337CB2100F03605 /* Frameworks */ = {
			isa = PBXFrameworksBuildPhase;
			buildActionMask = 2147483647;
			files = (
			);
			runOnlyForDeploymentPostprocessing = 0;
		};
		BE8705E12337CB2100F03605 /* Frameworks */ = {
			isa = PBXFrameworksBuildPhase;
			buildActionMask = 2147483647;
			files = (
			);
			runOnlyForDeploymentPostprocessing = 0;
		};
/* End PBXFrameworksBuildPhase section */

/* Begin PBXGroup section */
		BE2B425C23E91D4D00274234 /* Sort */ = {
			isa = PBXGroup;
			children = (
				BEE1AF8A233A0BA5009BED02 /* QuickSort.h */,
				BEE1AF88233A0BA5009BED02 /* QuickSort.m */,
				BE2B425D23E91D6500274234 /* BubbleSort.h */,
				BE2B425E23E91D6500274234 /* BubbleSort.m */,
				BE2B426023E91E4E00274234 /* SelectionSort.h */,
				BE2B426123E91E4E00274234 /* SelectionSort.m */,
				BE2B427123F2559300274234 /* InsertionSort.h */,
				BE2B427223F2559300274234 /* InsertionSort.m */,
				BE2B427723F2B18B00274234 /* MergeSort.h */,
				BE2B427823F2B18B00274234 /* MergeSort.m */,
			);
			path = Sort;
			sourceTree = "<group>";
		};
		BE8705B22337CB2000F03605 = {
			isa = PBXGroup;
			children = (
				BE3997772362CFF40022397E /* README.md */,
				BE8705BD2337CB2000F03605 /* LeetCode */,
				BE8705E72337CB2100F03605 /* LeetCodeUITests */,
				BE8705BC2337CB2000F03605 /* Products */,
			);
			sourceTree = "<group>";
		};
		BE8705BC2337CB2000F03605 /* Products */ = {
			isa = PBXGroup;
			children = (
				BE8705BB2337CB2000F03605 /* LeetCode.app */,
				BE8705D92337CB2100F03605 /* LeetCodeTests.xctest */,
				BE8705E42337CB2100F03605 /* LeetCodeUITests.xctest */,
			);
			name = Products;
			sourceTree = "<group>";
		};
		BE8705BD2337CB2000F03605 /* LeetCode */ = {
			isa = PBXGroup;
			children = (
				BE2B425C23E91D4D00274234 /* Sort */,
				BE8705F62337CBA500F03605 /* Answer */,
				BE8705FD2337CBA500F03605 /* Helper */,
				BE8705BE2337CB2000F03605 /* AppDelegate.h */,
				BE8705BF2337CB2000F03605 /* AppDelegate.m */,
				BE8705C12337CB2000F03605 /* SceneDelegate.h */,
				BE8705C22337CB2000F03605 /* SceneDelegate.m */,
				BE8705C42337CB2000F03605 /* ViewController.h */,
				BE8705C52337CB2000F03605 /* ViewController.m */,
				BE8705C72337CB2000F03605 /* Main.storyboard */,
				BE8705CD2337CB2100F03605 /* Assets.xcassets */,
				BE8705CF2337CB2100F03605 /* LaunchScreen.storyboard */,
				BE8705D22337CB2100F03605 /* Info.plist */,
				BE8705D32337CB2100F03605 /* main.m */,
			);
			path = LeetCode;
			sourceTree = "<group>";
		};
		BE8705E72337CB2100F03605 /* LeetCodeUITests */ = {
			isa = PBXGroup;
			children = (
				BE8705E82337CB2100F03605 /* LeetCodeUITests.m */,
				BE8705EA2337CB2100F03605 /* Info.plist */,
			);
			path = LeetCodeUITests;
			sourceTree = "<group>";
		};
		BE8705F62337CBA500F03605 /* Answer */ = {
			isa = PBXGroup;
			children = (
				BEE1AF95233A0BAD009BED02 /* Day01.h */,
				BEE1AF93233A0BAD009BED02 /* Day01.m */,
				BEE1AF90233A0BAD009BED02 /* Day02.h */,
				BEE1AF91233A0BAD009BED02 /* Day02.m */,
				BEE1AF94233A0BAD009BED02 /* Day03.h */,
				BEE1AF92233A0BAD009BED02 /* Day03.m */,
				BEE1AF99233A0C76009BED02 /* Day04.h */,
				BEE1AF9A233A0C76009BED02 /* Day04.m */,
				BEB92204233BABE200321E5E /* Day05.h */,
				BEB92205233BABE200321E5E /* Day05.m */,
				BE4947A5234F7A510032FA6B /* Day06.h */,
				BE4947A6234F7A510032FA6B /* Day06.m */,
				BE8D8F732352F2A000C75BCE /* Day07.h */,
				BE8D8F742352F2A000C75BCE /* Day07.m */,
				BE3997742362C9E80022397E /* Day08.h */,
				BE3997752362C9E80022397E /* Day08.m */,
				BEBDBAEF2368435F004E36FF /* Day09.h */,
				BEBDBAF02368435F004E36FF /* Day09.m */,
				BE525F1C238E53C5009BD896 /* Day10.h */,
				BE525F1D238E53C5009BD896 /* Day10.m */,
				BE48D11C23ACCC34009C1F5D /* Day11.h */,
				BE48D11D23ACCC34009C1F5D /* Day11.m */,
				BEA0425F23CF23A40009167F /* Day12.h */,
				BEA0426023CF23A40009167F /* Day12.m */,
				BEA0426223D0152A0009167F /* Day13.h */,
				BEA0426323D0152A0009167F /* Day13.m */,
				BEA0426523D041F10009167F /* Day14.h */,
				BEA0426623D041F10009167F /* Day14.m */,
				BEA0427523D1BBFE0009167F /* Day15.h */,
				BEA0427623D1BBFE0009167F /* Day15.m */,
				BEA0428023D587580009167F /* Day16.h */,
				BEA0428123D587580009167F /* Day16.m */,
				BEA0428323D5A3960009167F /* Day17.h */,
				BEA0428423D5A3960009167F /* Day17.m */,
				BEA0428623D5B00C0009167F /* Day18.h */,
				BEA0428723D5B00C0009167F /* Day18.m */,
				BEA40C3E23D6DED700D83BF7 /* Day19.h */,
				BEA40C3F23D6DED700D83BF7 /* Day19.m */,
				BEA40C4123D6F4A700D83BF7 /* Day20.h */,
				BEA40C4223D6F4A700D83BF7 /* Day20.m */,
				BEA40C4423D7144300D83BF7 /* Day21.h */,
				BEA40C4523D7144300D83BF7 /* Day21.m */,
				BEA40C4723D803D700D83BF7 /* Day22.h */,
				BEA40C4823D803D700D83BF7 /* Day22.m */,
				BEF5283C23DEAFBB00D1F114 /* Day23.h */,
				BEF5283D23DEAFBB00D1F114 /* Day23.m */,
				BEA5841823E5387800AA8073 /* Day24.h */,
				BEA5841923E5387800AA8073 /* Day24.m */,
				BEA5841B23E56D7100AA8073 /* Day25.h */,
				BEA5841C23E56D7100AA8073 /* Day25.m */,
				BE2B425323E7D4A500274234 /* Day27.h */,
				BE2B425423E7D4A500274234 /* Day27.m */,
				BE2B425623E834AD00274234 /* Day28.h */,
				BE2B425723E834AD00274234 /* Day28.m */,
				BE2B425923E9133600274234 /* Day29.h */,
				BE2B425A23E9133600274234 /* Day29.m */,
				BE2B426B23F0124B00274234 /* Day31.h */,
				BE2B426C23F0124B00274234 /* Day31.m */,
				BE2B426E23F2402F00274234 /* Day32.h */,
				BE2B426F23F2402F00274234 /* Day32.m */,
				BE2B427423F2915D00274234 /* Day33.h */,
				BE2B427523F2915D00274234 /* Day33.m */,
				BE2B427A23F39D0300274234 /* Day34.h */,
				BE2B427B23F39D0300274234 /* Day34.m */,
			);
			path = Answer;
			sourceTree = "<group>";
		};
		BE8705FD2337CBA500F03605 /* Helper */ = {
			isa = PBXGroup;
			children = (
				BEE1AF86233A0BA5009BED02 /* ListNode.h */,
				BEE1AF85233A0BA5009BED02 /* ListNode.m */,
				BEE1AF8B233A0BA5009BED02 /* Queue.h */,
				BEE1AF84233A0BA4009BED02 /* Queue.m */,
				BEE1AF87233A0BA5009BED02 /* Stack.h */,
				BEE1AF89233A0BA5009BED02 /* Stack.m */,
				BEE1AF9C233A0D19009BED02 /* TreeNode.h */,
				BEE1AF9D233A0D19009BED02 /* TreeNode.m */,
			);
			path = Helper;
			sourceTree = "<group>";
		};
/* End PBXGroup section */

/* Begin PBXNativeTarget section */
		BE8705BA2337CB2000F03605 /* LeetCode */ = {
			isa = PBXNativeTarget;
			buildConfigurationList = BE8705ED2337CB2100F03605 /* Build configuration list for PBXNativeTarget "LeetCode" */;
			buildPhases = (
				BE8705B72337CB2000F03605 /* Sources */,
				BE8705B82337CB2000F03605 /* Frameworks */,
				BE8705B92337CB2000F03605 /* Resources */,
			);
			buildRules = (
			);
			dependencies = (
			);
			name = LeetCode;
			productName = LeetCode;
			productReference = BE8705BB2337CB2000F03605 /* LeetCode.app */;
			productType = "com.apple.product-type.application";
		};
		BE8705D82337CB2100F03605 /* LeetCodeTests */ = {
			isa = PBXNativeTarget;
			buildConfigurationList = BE8705F02337CB2100F03605 /* Build configuration list for PBXNativeTarget "LeetCodeTests" */;
			buildPhases = (
				BE8705D52337CB2100F03605 /* Sources */,
				BE8705D62337CB2100F03605 /* Frameworks */,
				BE8705D72337CB2100F03605 /* Resources */,
			);
			buildRules = (
			);
			dependencies = (
				BE8705DB2337CB2100F03605 /* PBXTargetDependency */,
			);
			name = LeetCodeTests;
			productName = LeetCodeTests;
			productReference = BE8705D92337CB2100F03605 /* LeetCodeTests.xctest */;
			productType = "com.apple.product-type.bundle.unit-test";
		};
		BE8705E32337CB2100F03605 /* LeetCodeUITests */ = {
			isa = PBXNativeTarget;
			buildConfigurationList = BE8705F32337CB2100F03605 /* Build configuration list for PBXNativeTarget "LeetCodeUITests" */;
			buildPhases = (
				BE8705E02337CB2100F03605 /* Sources */,
				BE8705E12337CB2100F03605 /* Frameworks */,
				BE8705E22337CB2100F03605 /* Resources */,
			);
			buildRules = (
			);
			dependencies = (
				BE8705E62337CB2100F03605 /* PBXTargetDependency */,
			);
			name = LeetCodeUITests;
			productName = LeetCodeUITests;
			productReference = BE8705E42337CB2100F03605 /* LeetCodeUITests.xctest */;
			productType = "com.apple.product-type.bundle.ui-testing";
		};
/* End PBXNativeTarget section */

/* Begin PBXProject section */
		BE8705B32337CB2000F03605 /* Project object */ = {
			isa = PBXProject;
			attributes = {
				LastUpgradeCheck = 1100;
				ORGANIZATIONNAME = william;
				TargetAttributes = {
					BE8705BA2337CB2000F03605 = {
						CreatedOnToolsVersion = 11.0;
					};
					BE8705D82337CB2100F03605 = {
						CreatedOnToolsVersion = 11.0;
						TestTargetID = BE8705BA2337CB2000F03605;
					};
					BE8705E32337CB2100F03605 = {
						CreatedOnToolsVersion = 11.0;
						TestTargetID = BE8705BA2337CB2000F03605;
					};
				};
			};
			buildConfigurationList = BE8705B62337CB2000F03605 /* Build configuration list for PBXProject "LeetCode" */;
			compatibilityVersion = "Xcode 9.3";
			developmentRegion = en;
			hasScannedForEncodings = 0;
			knownRegions = (
				en,
				Base,
			);
			mainGroup = BE8705B22337CB2000F03605;
			productRefGroup = BE8705BC2337CB2000F03605 /* Products */;
			projectDirPath = "";
			projectRoot = "";
			targets = (
				BE8705BA2337CB2000F03605 /* LeetCode */,
				BE8705D82337CB2100F03605 /* LeetCodeTests */,
				BE8705E32337CB2100F03605 /* LeetCodeUITests */,
			);
		};
/* End PBXProject section */

/* Begin PBXResourcesBuildPhase section */
		BE8705B92337CB2000F03605 /* Resources */ = {
			isa = PBXResourcesBuildPhase;
			buildActionMask = 2147483647;
			files = (
				BE8705D12337CB2100F03605 /* LaunchScreen.storyboard in Resources */,
				BE8705CE2337CB2100F03605 /* Assets.xcassets in Resources */,
				BE3997782362CFF40022397E /* README.md in Resources */,
				BE8705C92337CB2000F03605 /* Main.storyboard in Resources */,
			);
			runOnlyForDeploymentPostprocessing = 0;
		};
		BE8705D72337CB2100F03605 /* Resources */ = {
			isa = PBXResourcesBuildPhase;
			buildActionMask = 2147483647;
			files = (
			);
			runOnlyForDeploymentPostprocessing = 0;
		};
		BE8705E22337CB2100F03605 /* Resources */ = {
			isa = PBXResourcesBuildPhase;
			buildActionMask = 2147483647;
			files = (
			);
			runOnlyForDeploymentPostprocessing = 0;
		};
/* End PBXResourcesBuildPhase section */

/* Begin PBXSourcesBuildPhase section */
		BE8705B72337CB2000F03605 /* Sources */ = {
			isa = PBXSourcesBuildPhase;
			buildActionMask = 2147483647;
			files = (
				BE2B427623F2915D00274234 /* Day33.m in Sources */,
				BEA5841A23E5387800AA8073 /* Day24.m in Sources */,
				BE2B427923F2B18B00274234 /* MergeSort.m in Sources */,
				BEA5841D23E56D7100AA8073 /* Day25.m in Sources */,
				BEE1AF9B233A0C76009BED02 /* Day04.m in Sources */,
				BE2B425F23E91D6500274234 /* BubbleSort.m in Sources */,
				BEB92206233BABE200321E5E /* Day05.m in Sources */,
				BEE1AF98233A0BAE009BED02 /* Day01.m in Sources */,
				BE8705D42337CB2100F03605 /* main.m in Sources */,
				BE2B425823E834AD00274234 /* Day28.m in Sources */,
				BE8705C62337CB2000F03605 /* ViewController.m in Sources */,
				BEF5283E23DEAFBB00D1F114 /* Day23.m in Sources */,
				BEE1AF8D233A0BA5009BED02 /* ListNode.m in Sources */,
				BEA0427723D1BBFE0009167F /* Day15.m in Sources */,
				BE525F1E238E53C5009BD896 /* Day10.m in Sources */,
				BE2B427323F2559300274234 /* InsertionSort.m in Sources */,
				BEE1AF96233A0BAE009BED02 /* Day02.m in Sources */,
				BE2B425523E7D4A500274234 /* Day27.m in Sources */,
				BE2B425B23E9133600274234 /* Day29.m in Sources */,
				BEA0428223D587580009167F /* Day16.m in Sources */,
				BE8D8F752352F2A000C75BCE /* Day07.m in Sources */,
				BEA40C4323D6F4A700D83BF7 /* Day20.m in Sources */,
				BE8705C02337CB2000F03605 /* AppDelegate.m in Sources */,
				BEE1AF8E233A0BA5009BED02 /* QuickSort.m in Sources */,
				BE2B426223E91E4E00274234 /* SelectionSort.m in Sources */,
				BE8705C32337CB2000F03605 /* SceneDelegate.m in Sources */,
				BEE1AF8F233A0BA5009BED02 /* Stack.m in Sources */,
				BE3997762362C9E80022397E /* Day08.m in Sources */,
				BE48D11E23ACCC34009C1F5D /* Day11.m in Sources */,
				BEA0426723D041F10009167F /* Day14.m in Sources */,
				BEA40C4023D6DED700D83BF7 /* Day19.m in Sources */,
				BE2B427023F2402F00274234 /* Day32.m in Sources */,
				BE2B426D23F0124B00274234 /* Day31.m in Sources */,
				BEA0428823D5B00C0009167F /* Day18.m in Sources */,
				BEA40C4623D7144300D83BF7 /* Day21.m in Sources */,
				BEE1AF8C233A0BA5009BED02 /* Queue.m in Sources */,
				BE2B427C23F39D0300274234 /* Day34.m in Sources */,
				BE4947A7234F7A510032FA6B /* Day06.m in Sources */,
				BEBDBAF12368435F004E36FF /* Day09.m in Sources */,
				BEA0426123CF23A40009167F /* Day12.m in Sources */,
				BEA40C4923D803D700D83BF7 /* Day22.m in Sources */,
				BEA0428523D5A3960009167F /* Day17.m in Sources */,
				BEE1AF9E233A0D19009BED02 /* TreeNode.m in Sources */,
				BEA0426423D0152A0009167F /* Day13.m in Sources */,
				BEE1AF97233A0BAE009BED02 /* Day03.m in Sources */,
			);
			runOnlyForDeploymentPostprocessing = 0;
		};
		BE8705D52337CB2100F03605 /* Sources */ = {
			isa = PBXSourcesBuildPhase;
			buildActionMask = 2147483647;
			files = (
			);
			runOnlyForDeploymentPostprocessing = 0;
		};
		BE8705E02337CB2100F03605 /* Sources */ = {
			isa = PBXSourcesBuildPhase;
			buildActionMask = 2147483647;
			files = (
				BE8705E92337CB2100F03605 /* LeetCodeUITests.m in Sources */,
			);
			runOnlyForDeploymentPostprocessing = 0;
		};
/* End PBXSourcesBuildPhase section */

/* Begin PBXTargetDependency section */
		BE8705DB2337CB2100F03605 /* PBXTargetDependency */ = {
			isa = PBXTargetDependency;
			target = BE8705BA2337CB2000F03605 /* LeetCode */;
			targetProxy = BE8705DA2337CB2100F03605 /* PBXContainerItemProxy */;
		};
		BE8705E62337CB2100F03605 /* PBXTargetDependency */ = {
			isa = PBXTargetDependency;
			target = BE8705BA2337CB2000F03605 /* LeetCode */;
			targetProxy = BE8705E52337CB2100F03605 /* PBXContainerItemProxy */;
		};
/* End PBXTargetDependency section */

/* Begin PBXVariantGroup section */
		BE8705C72337CB2000F03605 /* Main.storyboard */ = {
			isa = PBXVariantGroup;
			children = (
				BE8705C82337CB2000F03605 /* Base */,
			);
			name = Main.storyboard;
			sourceTree = "<group>";
		};
		BE8705CF2337CB2100F03605 /* LaunchScreen.storyboard */ = {
			isa = PBXVariantGroup;
			children = (
				BE8705D02337CB2100F03605 /* Base */,
			);
			name = LaunchScreen.storyboard;
			sourceTree = "<group>";
		};
/* End PBXVariantGroup section */

/* Begin XCBuildConfiguration section */
		BE8705EB2337CB2100F03605 /* Debug */ = {
			isa = XCBuildConfiguration;
			buildSettings = {
				ALWAYS_SEARCH_USER_PATHS = NO;
				CLANG_ANALYZER_NONNULL = YES;
				CLANG_ANALYZER_NUMBER_OBJECT_CONVERSION = YES_AGGRESSIVE;
				CLANG_CXX_LANGUAGE_STANDARD = "gnu++14";
				CLANG_CXX_LIBRARY = "libc++";
				CLANG_ENABLE_MODULES = YES;
				CLANG_ENABLE_OBJC_ARC = YES;
				CLANG_ENABLE_OBJC_WEAK = YES;
				CLANG_WARN_BLOCK_CAPTURE_AUTORELEASING = YES;
				CLANG_WARN_BOOL_CONVERSION = YES;
				CLANG_WARN_COMMA = YES;
				CLANG_WARN_CONSTANT_CONVERSION = YES;
				CLANG_WARN_DEPRECATED_OBJC_IMPLEMENTATIONS = YES;
				CLANG_WARN_DIRECT_OBJC_ISA_USAGE = YES_ERROR;
				CLANG_WARN_DOCUMENTATION_COMMENTS = YES;
				CLANG_WARN_EMPTY_BODY = YES;
				CLANG_WARN_ENUM_CONVERSION = YES;
				CLANG_WARN_INFINITE_RECURSION = YES;
				CLANG_WARN_INT_CONVERSION = YES;
				CLANG_WARN_NON_LITERAL_NULL_CONVERSION = YES;
				CLANG_WARN_OBJC_IMPLICIT_RETAIN_SELF = YES;
				CLANG_WARN_OBJC_LITERAL_CONVERSION = YES;
				CLANG_WARN_OBJC_ROOT_CLASS = YES_ERROR;
				CLANG_WARN_RANGE_LOOP_ANALYSIS = YES;
				CLANG_WARN_STRICT_PROTOTYPES = YES;
				CLANG_WARN_SUSPICIOUS_MOVE = YES;
				CLANG_WARN_UNGUARDED_AVAILABILITY = YES_AGGRESSIVE;
				CLANG_WARN_UNREACHABLE_CODE = YES;
				CLANG_WARN__DUPLICATE_METHOD_MATCH = YES;
				COPY_PHASE_STRIP = NO;
				DEBUG_INFORMATION_FORMAT = dwarf;
				ENABLE_STRICT_OBJC_MSGSEND = YES;
				ENABLE_TESTABILITY = YES;
				GCC_C_LANGUAGE_STANDARD = gnu11;
				GCC_DYNAMIC_NO_PIC = NO;
				GCC_NO_COMMON_BLOCKS = YES;
				GCC_OPTIMIZATION_LEVEL = 0;
				GCC_PREPROCESSOR_DEFINITIONS = (
					"DEBUG=1",
					"$(inherited)",
				);
				GCC_WARN_64_TO_32_BIT_CONVERSION = YES;
				GCC_WARN_ABOUT_RETURN_TYPE = YES_ERROR;
				GCC_WARN_UNDECLARED_SELECTOR = YES;
				GCC_WARN_UNINITIALIZED_AUTOS = YES_AGGRESSIVE;
				GCC_WARN_UNUSED_FUNCTION = YES;
				GCC_WARN_UNUSED_VARIABLE = YES;
				IPHONEOS_DEPLOYMENT_TARGET = 10.0;
				MTL_ENABLE_DEBUG_INFO = INCLUDE_SOURCE;
				MTL_FAST_MATH = YES;
				ONLY_ACTIVE_ARCH = YES;
				SDKROOT = iphoneos;
			};
			name = Debug;
		};
		BE8705EC2337CB2100F03605 /* Release */ = {
			isa = XCBuildConfiguration;
			buildSettings = {
				ALWAYS_SEARCH_USER_PATHS = NO;
				CLANG_ANALYZER_NONNULL = YES;
				CLANG_ANALYZER_NUMBER_OBJECT_CONVERSION = YES_AGGRESSIVE;
				CLANG_CXX_LANGUAGE_STANDARD = "gnu++14";
				CLANG_CXX_LIBRARY = "libc++";
				CLANG_ENABLE_MODULES = YES;
				CLANG_ENABLE_OBJC_ARC = YES;
				CLANG_ENABLE_OBJC_WEAK = YES;
				CLANG_WARN_BLOCK_CAPTURE_AUTORELEASING = YES;
				CLANG_WARN_BOOL_CONVERSION = YES;
				CLANG_WARN_COMMA = YES;
				CLANG_WARN_CONSTANT_CONVERSION = YES;
				CLANG_WARN_DEPRECATED_OBJC_IMPLEMENTATIONS = YES;
				CLANG_WARN_DIRECT_OBJC_ISA_USAGE = YES_ERROR;
				CLANG_WARN_DOCUMENTATION_COMMENTS = YES;
				CLANG_WARN_EMPTY_BODY = YES;
				CLANG_WARN_ENUM_CONVERSION = YES;
				CLANG_WARN_INFINITE_RECURSION = YES;
				CLANG_WARN_INT_CONVERSION = YES;
				CLANG_WARN_NON_LITERAL_NULL_CONVERSION = YES;
				CLANG_WARN_OBJC_IMPLICIT_RETAIN_SELF = YES;
				CLANG_WARN_OBJC_LITERAL_CONVERSION = YES;
				CLANG_WARN_OBJC_ROOT_CLASS = YES_ERROR;
				CLANG_WARN_RANGE_LOOP_ANALYSIS = YES;
				CLANG_WARN_STRICT_PROTOTYPES = YES;
				CLANG_WARN_SUSPICIOUS_MOVE = YES;
				CLANG_WARN_UNGUARDED_AVAILABILITY = YES_AGGRESSIVE;
				CLANG_WARN_UNREACHABLE_CODE = YES;
				CLANG_WARN__DUPLICATE_METHOD_MATCH = YES;
				COPY_PHASE_STRIP = NO;
				DEBUG_INFORMATION_FORMAT = "dwarf-with-dsym";
				ENABLE_NS_ASSERTIONS = NO;
				ENABLE_STRICT_OBJC_MSGSEND = YES;
				GCC_C_LANGUAGE_STANDARD = gnu11;
				GCC_NO_COMMON_BLOCKS = YES;
				GCC_WARN_64_TO_32_BIT_CONVERSION = YES;
				GCC_WARN_ABOUT_RETURN_TYPE = YES_ERROR;
				GCC_WARN_UNDECLARED_SELECTOR = YES;
				GCC_WARN_UNINITIALIZED_AUTOS = YES_AGGRESSIVE;
				GCC_WARN_UNUSED_FUNCTION = YES;
				GCC_WARN_UNUSED_VARIABLE = YES;
				IPHONEOS_DEPLOYMENT_TARGET = 10.0;
				MTL_ENABLE_DEBUG_INFO = NO;
				MTL_FAST_MATH = YES;
				SDKROOT = iphoneos;
				VALIDATE_PRODUCT = YES;
			};
			name = Release;
		};
		BE8705EE2337CB2100F03605 /* Debug */ = {
			isa = XCBuildConfiguration;
			buildSettings = {
				ASSETCATALOG_COMPILER_APPICON_NAME = AppIcon;
				CODE_SIGN_STYLE = Automatic;
				DEVELOPMENT_TEAM = 6J5JAT798T;
				INFOPLIST_FILE = LeetCode/Info.plist;
				IPHONEOS_DEPLOYMENT_TARGET = 13.0;
				LD_RUNPATH_SEARCH_PATHS = (
					"$(inherited)",
					"@executable_path/Frameworks",
				);
				PRODUCT_BUNDLE_IDENTIFIER = com.stj.LeetCode;
				PRODUCT_NAME = "$(TARGET_NAME)";
				TARGETED_DEVICE_FAMILY = "1,2";
			};
			name = Debug;
		};
		BE8705EF2337CB2100F03605 /* Release */ = {
			isa = XCBuildConfiguration;
			buildSettings = {
				ASSETCATALOG_COMPILER_APPICON_NAME = AppIcon;
				CODE_SIGN_STYLE = Automatic;
				DEVELOPMENT_TEAM = 6J5JAT798T;
				INFOPLIST_FILE = LeetCode/Info.plist;
				IPHONEOS_DEPLOYMENT_TARGET = 13.0;
				LD_RUNPATH_SEARCH_PATHS = (
					"$(inherited)",
					"@executable_path/Frameworks",
				);
				PRODUCT_BUNDLE_IDENTIFIER = com.stj.LeetCode;
				PRODUCT_NAME = "$(TARGET_NAME)";
				TARGETED_DEVICE_FAMILY = "1,2";
			};
			name = Release;
		};
		BE8705F12337CB2100F03605 /* Debug */ = {
			isa = XCBuildConfiguration;
			buildSettings = {
				BUNDLE_LOADER = "$(TEST_HOST)";
				CODE_SIGN_STYLE = Automatic;
				DEVELOPMENT_TEAM = 6J5JAT798T;
				INFOPLIST_FILE = LeetCodeTests/Info.plist;
				IPHONEOS_DEPLOYMENT_TARGET = 13.0;
				LD_RUNPATH_SEARCH_PATHS = (
					"$(inherited)",
					"@executable_path/Frameworks",
					"@loader_path/Frameworks",
				);
				PRODUCT_BUNDLE_IDENTIFIER = com.stj.LeetCodeTests;
				PRODUCT_NAME = "$(TARGET_NAME)";
				TARGETED_DEVICE_FAMILY = "1,2";
				TEST_HOST = "$(BUILT_PRODUCTS_DIR)/LeetCode.app/LeetCode";
			};
			name = Debug;
		};
		BE8705F22337CB2100F03605 /* Release */ = {
			isa = XCBuildConfiguration;
			buildSettings = {
				BUNDLE_LOADER = "$(TEST_HOST)";
				CODE_SIGN_STYLE = Automatic;
				DEVELOPMENT_TEAM = 6J5JAT798T;
				INFOPLIST_FILE = LeetCodeTests/Info.plist;
				IPHONEOS_DEPLOYMENT_TARGET = 13.0;
				LD_RUNPATH_SEARCH_PATHS = (
					"$(inherited)",
					"@executable_path/Frameworks",
					"@loader_path/Frameworks",
				);
				PRODUCT_BUNDLE_IDENTIFIER = com.stj.LeetCodeTests;
				PRODUCT_NAME = "$(TARGET_NAME)";
				TARGETED_DEVICE_FAMILY = "1,2";
				TEST_HOST = "$(BUILT_PRODUCTS_DIR)/LeetCode.app/LeetCode";
			};
			name = Release;
		};
		BE8705F42337CB2100F03605 /* Debug */ = {
			isa = XCBuildConfiguration;
			buildSettings = {
				CODE_SIGN_STYLE = Automatic;
				DEVELOPMENT_TEAM = 6J5JAT798T;
				INFOPLIST_FILE = LeetCodeUITests/Info.plist;
				LD_RUNPATH_SEARCH_PATHS = (
					"$(inherited)",
					"@executable_path/Frameworks",
					"@loader_path/Frameworks",
				);
				PRODUCT_BUNDLE_IDENTIFIER = com.stj.LeetCodeUITests;
				PRODUCT_NAME = "$(TARGET_NAME)";
				TARGETED_DEVICE_FAMILY = "1,2";
				TEST_TARGET_NAME = LeetCode;
			};
			name = Debug;
		};
		BE8705F52337CB2100F03605 /* Release */ = {
			isa = XCBuildConfiguration;
			buildSettings = {
				CODE_SIGN_STYLE = Automatic;
				DEVELOPMENT_TEAM = 6J5JAT798T;
				INFOPLIST_FILE = LeetCodeUITests/Info.plist;
				LD_RUNPATH_SEARCH_PATHS = (
					"$(inherited)",
					"@executable_path/Frameworks",
					"@loader_path/Frameworks",
				);
				PRODUCT_BUNDLE_IDENTIFIER = com.stj.LeetCodeUITests;
				PRODUCT_NAME = "$(TARGET_NAME)";
				TARGETED_DEVICE_FAMILY = "1,2";
				TEST_TARGET_NAME = LeetCode;
			};
			name = Release;
		};
/* End XCBuildConfiguration section */

/* Begin XCConfigurationList section */
		BE8705B62337CB2000F03605 /* Build configuration list for PBXProject "LeetCode" */ = {
			isa = XCConfigurationList;
			buildConfigurations = (
				BE8705EB2337CB2100F03605 /* Debug */,
				BE8705EC2337CB2100F03605 /* Release */,
			);
			defaultConfigurationIsVisible = 0;
			defaultConfigurationName = Release;
		};
		BE8705ED2337CB2100F03605 /* Build configuration list for PBXNativeTarget "LeetCode" */ = {
			isa = XCConfigurationList;
			buildConfigurations = (
				BE8705EE2337CB2100F03605 /* Debug */,
				BE8705EF2337CB2100F03605 /* Release */,
			);
			defaultConfigurationIsVisible = 0;
			defaultConfigurationName = Release;
		};
		BE8705F02337CB2100F03605 /* Build configuration list for PBXNativeTarget "LeetCodeTests" */ = {
			isa = XCConfigurationList;
			buildConfigurations = (
				BE8705F12337CB2100F03605 /* Debug */,
				BE8705F22337CB2100F03605 /* Release */,
			);
			defaultConfigurationIsVisible = 0;
			defaultConfigurationName = Release;
		};
		BE8705F32337CB2100F03605 /* Build configuration list for PBXNativeTarget "LeetCodeUITests" */ = {
			isa = XCConfigurationList;
			buildConfigurations = (
				BE8705F42337CB2100F03605 /* Debug */,
				BE8705F52337CB2100F03605 /* Release */,
			);
			defaultConfigurationIsVisible = 0;
			defaultConfigurationName = Release;
		};
/* End XCConfigurationList section */
	};
	rootObject = BE8705B32337CB2000F03605 /* Project object */;
}
